
Microsoft Visual Studio Solution File, Format Version 12.00
# Visual Studio Version 17
VisualStudioVersion = 17.4.33213.308
MinimumVisualStudioVersion = 10.0.40219.1
Project("{FAE04EC0-301F-11D3-BF4B-00C04F79EFBC}") = "Ms.Tdd.Adf.Tests.Specs", "ClassLibrary1\Ms.Tdd.Adf.Tests.Specs.csproj", "{1BB235DC-BB8F-45E1-AFE3-47CE05BF5447}"
EndProject
Global
	GlobalSection(SolutionConfigurationPlatforms) = preSolution
		Debug|Any CPU = Debug|Any CPU
		Release|Any CPU = Release|Any CPU
	EndGlobalSection
	GlobalSection(ProjectConfigurationPlatforms) = postSolution
		{1BB235DC-BB8F-45E1-AFE3-47CE05BF5447}.Debug|Any CPU.ActiveCfg = Debug|Any CPU
		{1BB235DC-BB8F-45E1-AFE3-47CE05BF5447}.Debug|Any CPU.Build.0 = Debug|Any CPU
		{1BB235DC-BB8F-45E1-AFE3-47CE05BF5447}.Release|Any CPU.ActiveCfg = Release|Any CPU
		{1BB235DC-BB8F-45E1-AFE3-47CE05BF5447}.Release|Any CPU.Build.0 = Release|Any CPU
	EndGlobalSection
	GlobalSection(SolutionProperties) = preSolution
		HideSolutionNode = FALSE
	EndGlobalSection
	GlobalSection(ExtensibilityGlobals) = postSolution
		SolutionGuid = {F1F00880-6D32-4DE5-B4D4-8E12289D9767}
	EndGlobalSection
EndGlobal
